
Microsoft Visual Studio Solution File, Format Version 12.00
# Visual Studio Version 17
VisualStudioVersion = 17.1.32319.34
MinimumVisualStudioVersion = 10.0.40219.1
Project("{9A19103F-16F7-4668-BE54-9A1E7A4F7556}") = "Sprint1", "Sprint1\Sprint1.csproj", "{BBB4EF4E-EE77-4EF5-A107-B9096A453162}"
EndProject
Global
	GlobalSection(SolutionConfigurationPlatforms) = preSolution
		Debug|Any CPU = Debug|Any CPU
		Release|Any CPU = Release|Any CPU
	EndGlobalSection
	GlobalSection(ProjectConfigurationPlatforms) = postSolution
		{BBB4EF4E-EE77-4EF5-A107-B9096A453162}.Debug|Any CPU.ActiveCfg = Debug|Any CPU
		{BBB4EF4E-EE77-4EF5-A107-B9096A453162}.Debug|Any CPU.Build.0 = Debug|Any CPU
		{BBB4EF4E-EE77-4EF5-A107-B9096A453162}.Release|Any CPU.ActiveCfg = Release|Any CPU
		{BBB4EF4E-EE77-4EF5-A107-B9096A453162}.Release|Any CPU.Build.0 = Release|Any CPU
	EndGlobalSection
	GlobalSection(SolutionProperties) = preSolution
		HideSolutionNode = FALSE
	EndGlobalSection
	GlobalSection(ExtensibilityGlobals) = postSolution
		SolutionGuid = {9E732B4C-D438-4631-94C8-7E52D9C29DAD}
	EndGlobalSection
EndGlobal
